// !$*UTF8*$!
{
	archiveVersion = 1;
	classes = {
	};
	objectVersion = 50;
	objects = {

/* Begin PBXBuildFile section */
		282D763E2812235700E1AB7C /* HealthTrackerApp.swift in Sources */ = {isa = PBXBuildFile; fileRef = 282D763D2812235700E1AB7C /* HealthTrackerApp.swift */; };
		282D76402812235700E1AB7C /* ContentView.swift in Sources */ = {isa = PBXBuildFile; fileRef = 282D763F2812235700E1AB7C /* ContentView.swift */; };
		282D76422812235E00E1AB7C /* Assets.xcassets in Resources */ = {isa = PBXBuildFile; fileRef = 282D76412812235E00E1AB7C /* Assets.xcassets */; };
		282D76452812235E00E1AB7C /* Preview Assets.xcassets in Resources */ = {isa = PBXBuildFile; fileRef = 282D76442812235E00E1AB7C /* Preview Assets.xcassets */; };
		A9348B4228122BFC0017718E /* NextButtonView.swift in Sources */ = {isa = PBXBuildFile; fileRef = A9348B4128122BFC0017718E /* NextButtonView.swift */; };
		A9BB03A82812652500107960 /* CustomTextFieldView.swift in Sources */ = {isa = PBXBuildFile; fileRef = A9BB03A72812652500107960 /* CustomTextFieldView.swift */; };
		A9BB03AE281268AC00107960 /* DataEntryView.swift in Sources */ = {isa = PBXBuildFile; fileRef = A9BB03AD281268AC00107960 /* DataEntryView.swift */; };
		A9BD42132812311700FE6F8B /* HealthProfileView.swift in Sources */ = {isa = PBXBuildFile; fileRef = A9BD42122812311700FE6F8B /* HealthProfileView.swift */; };
		C9030E59281786750079D7A5 /* WelcomeView.swift in Sources */ = {isa = PBXBuildFile; fileRef = C9030E58281786750079D7A5 /* WelcomeView.swift */; };
		C9030E5B281789330079D7A5 /* Algorithm.swift in Sources */ = {isa = PBXBuildFile; fileRef = C9030E5A281789330079D7A5 /* Algorithm.swift */; };
		C9030E5D281789540079D7A5 /* ImagePicker.swift in Sources */ = {isa = PBXBuildFile; fileRef = C9030E5C281789540079D7A5 /* ImagePicker.swift */; };
		C9030E5F281789730079D7A5 /* CustomMealView.swift in Sources */ = {isa = PBXBuildFile; fileRef = C9030E5E281789730079D7A5 /* CustomMealView.swift */; };
		C9030E61281789890079D7A5 /* NutritionView.swift in Sources */ = {isa = PBXBuildFile; fileRef = C9030E60281789890079D7A5 /* NutritionView.swift */; };
		C9030E63281789A10079D7A5 /* OutputTextFieldView.swift in Sources */ = {isa = PBXBuildFile; fileRef = C9030E62281789A10079D7A5 /* OutputTextFieldView.swift */; };
		C9030E65281789E50079D7A5 /* DataOutputView.swift in Sources */ = {isa = PBXBuildFile; fileRef = C9030E64281789E50079D7A5 /* DataOutputView.swift */; };
		C9030E6728178A0B0079D7A5 /* HomeView.swift in Sources */ = {isa = PBXBuildFile; fileRef = C9030E6628178A0B0079D7A5 /* HomeView.swift */; };
		C9030E6928178AB80079D7A5 /* Data.swift in Sources */ = {isa = PBXBuildFile; fileRef = C9030E6828178AB80079D7A5 /* Data.swift */; };
		C9CBCFF7281686BC000B384D /* ResourceView.swift in Sources */ = {isa = PBXBuildFile; fileRef = C9CBCFF6281686BC000B384D /* ResourceView.swift */; };
		C9CBCFF928174F15000B384D /* MoodView.swift in Sources */ = {isa = PBXBuildFile; fileRef = C9CBCFF828174F15000B384D /* MoodView.swift */; };
		C9CBCFFB28175611000B384D /* SingleMoodContainerView.swift in Sources */ = {isa = PBXBuildFile; fileRef = C9CBCFFA28175611000B384D /* SingleMoodContainerView.swift */; };
		C9CBCFFD28177A56000B384D /* TabPanelView.swift in Sources */ = {isa = PBXBuildFile; fileRef = C9CBCFFC28177A56000B384D /* TabPanelView.swift */; };
/* End PBXBuildFile section */

/* Begin PBXFileReference section */
		282D763A2812235700E1AB7C /* HealthTracker.app */ = {isa = PBXFileReference; explicitFileType = wrapper.application; includeInIndex = 0; path = HealthTracker.app; sourceTree = BUILT_PRODUCTS_DIR; };
		282D763D2812235700E1AB7C /* HealthTrackerApp.swift */ = {isa = PBXFileReference; lastKnownFileType = sourcecode.swift; path = HealthTrackerApp.swift; sourceTree = "<group>"; };
		282D763F2812235700E1AB7C /* ContentView.swift */ = {isa = PBXFileReference; lastKnownFileType = sourcecode.swift; path = ContentView.swift; sourceTree = "<group>"; };
		282D76412812235E00E1AB7C /* Assets.xcassets */ = {isa = PBXFileReference; lastKnownFileType = folder.assetcatalog; path = Assets.xcassets; sourceTree = "<group>"; };
		282D76442812235E00E1AB7C /* Preview Assets.xcassets */ = {isa = PBXFileReference; lastKnownFileType = folder.assetcatalog; path = "Preview Assets.xcassets"; sourceTree = "<group>"; };
		282D76462812235E00E1AB7C /* Info.plist */ = {isa = PBXFileReference; lastKnownFileType = text.plist.xml; path = Info.plist; sourceTree = "<group>"; };
		A9348B4128122BFC0017718E /* NextButtonView.swift */ = {isa = PBXFileReference; lastKnownFileType = sourcecode.swift; path = NextButtonView.swift; sourceTree = "<group>"; };
		A9BB03A72812652500107960 /* CustomTextFieldView.swift */ = {isa = PBXFileReference; lastKnownFileType = sourcecode.swift; path = CustomTextFieldView.swift; sourceTree = "<group>"; };
		A9BB03AD281268AC00107960 /* DataEntryView.swift */ = {isa = PBXFileReference; lastKnownFileType = sourcecode.swift; path = DataEntryView.swift; sourceTree = "<group>"; };
		A9BD42122812311700FE6F8B /* HealthProfileView.swift */ = {isa = PBXFileReference; lastKnownFileType = sourcecode.swift; path = HealthProfileView.swift; sourceTree = "<group>"; };
		C9030E58281786750079D7A5 /* WelcomeView.swift */ = {isa = PBXFileReference; lastKnownFileType = sourcecode.swift; path = WelcomeView.swift; sourceTree = "<group>"; };
		C9030E5A281789330079D7A5 /* Algorithm.swift */ = {isa = PBXFileReference; lastKnownFileType = sourcecode.swift; path = Algorithm.swift; sourceTree = "<group>"; };
		C9030E5C281789540079D7A5 /* ImagePicker.swift */ = {isa = PBXFileReference; lastKnownFileType = sourcecode.swift; path = ImagePicker.swift; sourceTree = "<group>"; };
		C9030E5E281789730079D7A5 /* CustomMealView.swift */ = {isa = PBXFileReference; lastKnownFileType = sourcecode.swift; path = CustomMealView.swift; sourceTree = "<group>"; };
		C9030E60281789890079D7A5 /* NutritionView.swift */ = {isa = PBXFileReference; lastKnownFileType = sourcecode.swift; path = NutritionView.swift; sourceTree = "<group>"; };
		C9030E62281789A10079D7A5 /* OutputTextFieldView.swift */ = {isa = PBXFileReference; lastKnownFileType = sourcecode.swift; path = OutputTextFieldView.swift; sourceTree = "<group>"; };
		C9030E64281789E50079D7A5 /* DataOutputView.swift */ = {isa = PBXFileReference; lastKnownFileType = sourcecode.swift; path = DataOutputView.swift; sourceTree = "<group>"; };
		C9030E6628178A0B0079D7A5 /* HomeView.swift */ = {isa = PBXFileReference; lastKnownFileType = sourcecode.swift; path = HomeView.swift; sourceTree = "<group>"; };
		C9030E6828178AB80079D7A5 /* Data.swift */ = {isa = PBXFileReference; lastKnownFileType = sourcecode.swift; path = Data.swift; sourceTree = "<group>"; };
		C9CBCFF6281686BC000B384D /* ResourceView.swift */ = {isa = PBXFileReference; lastKnownFileType = sourcecode.swift; path = ResourceView.swift; sourceTree = "<group>"; };
		C9CBCFF828174F15000B384D /* MoodView.swift */ = {isa = PBXFileReference; lastKnownFileType = sourcecode.swift; path = MoodView.swift; sourceTree = "<group>"; };
		C9CBCFFA28175611000B384D /* SingleMoodContainerView.swift */ = {isa = PBXFileReference; lastKnownFileType = sourcecode.swift; path = SingleMoodContainerView.swift; sourceTree = "<group>"; };
		C9CBCFFC28177A56000B384D /* TabPanelView.swift */ = {isa = PBXFileReference; lastKnownFileType = sourcecode.swift; path = TabPanelView.swift; sourceTree = "<group>"; };
/* End PBXFileReference section */

/* Begin PBXFrameworksBuildPhase section */
		282D76372812235700E1AB7C /* Frameworks */ = {
			isa = PBXFrameworksBuildPhase;
			buildActionMask = 2147483647;
			files = (
			);
			runOnlyForDeploymentPostprocessing = 0;
		};
/* End PBXFrameworksBuildPhase section */

/* Begin PBXGroup section */
		282D76312812235700E1AB7C = {
			isa = PBXGroup;
			children = (
				282D763C2812235700E1AB7C /* HealthTracker */,
				282D763B2812235700E1AB7C /* Products */,
			);
			sourceTree = "<group>";
		};
		282D763B2812235700E1AB7C /* Products */ = {
			isa = PBXGroup;
			children = (
				282D763A2812235700E1AB7C /* HealthTracker.app */,
			);
			name = Products;
			sourceTree = "<group>";
		};
		282D763C2812235700E1AB7C /* HealthTracker */ = {
			isa = PBXGroup;
			children = (
				A9348B3E28122B960017718E /* Views */,
				282D763D2812235700E1AB7C /* HealthTrackerApp.swift */,
				282D763F2812235700E1AB7C /* ContentView.swift */,
				282D76412812235E00E1AB7C /* Assets.xcassets */,
				282D76462812235E00E1AB7C /* Info.plist */,
				282D76432812235E00E1AB7C /* Preview Content */,
			);
			path = HealthTracker;
			sourceTree = "<group>";
		};
		282D76432812235E00E1AB7C /* Preview Content */ = {
			isa = PBXGroup;
			children = (
				282D76442812235E00E1AB7C /* Preview Assets.xcassets */,
			);
			path = "Preview Content";
			sourceTree = "<group>";
		};
		A9348B3E28122B960017718E /* Views */ = {
			isa = PBXGroup;
			children = (
				A9348B4128122BFC0017718E /* NextButtonView.swift */,
				A9BD42122812311700FE6F8B /* HealthProfileView.swift */,
				A9BB03A72812652500107960 /* CustomTextFieldView.swift */,
				A9BB03AD281268AC00107960 /* DataEntryView.swift */,
				C9CBCFF6281686BC000B384D /* ResourceView.swift */,
				C9CBCFF828174F15000B384D /* MoodView.swift */,
				C9030E58281786750079D7A5 /* WelcomeView.swift */,
				C9030E5A281789330079D7A5 /* Algorithm.swift */,
				C9030E6828178AB80079D7A5 /* Data.swift */,
				C9030E5E281789730079D7A5 /* CustomMealView.swift */,
				C9030E6628178A0B0079D7A5 /* HomeView.swift */,
				C9030E64281789E50079D7A5 /* DataOutputView.swift */,
				C9030E62281789A10079D7A5 /* OutputTextFieldView.swift */,
				C9030E60281789890079D7A5 /* NutritionView.swift */,
				C9CBCFFC28177A56000B384D /* TabPanelView.swift */,
				C9030E5C281789540079D7A5 /* ImagePicker.swift */,
				C9CBCFFA28175611000B384D /* SingleMoodContainerView.swift */,
			);
			path = Views;
			sourceTree = "<group>";
		};
/* End PBXGroup section */

/* Begin PBXNativeTarget section */
		282D76392812235700E1AB7C /* HealthTracker */ = {
			isa = PBXNativeTarget;
			buildConfigurationList = 282D76492812235E00E1AB7C /* Build configuration list for PBXNativeTarget "HealthTracker" */;
			buildPhases = (
				282D76362812235700E1AB7C /* Sources */,
				282D76372812235700E1AB7C /* Frameworks */,
				282D76382812235700E1AB7C /* Resources */,
			);
			buildRules = (
			);
			dependencies = (
			);
			name = HealthTracker;
			productName = HealthTracker;
			productReference = 282D763A2812235700E1AB7C /* HealthTracker.app */;
			productType = "com.apple.product-type.application";
		};
/* End PBXNativeTarget section */

/* Begin PBXProject section */
		282D76322812235700E1AB7C /* Project object */ = {
			isa = PBXProject;
			attributes = {
				LastSwiftUpdateCheck = 1240;
				LastUpgradeCheck = 1240;
				TargetAttributes = {
					282D76392812235700E1AB7C = {
						CreatedOnToolsVersion = 12.4;
					};
				};
			};
			buildConfigurationList = 282D76352812235700E1AB7C /* Build configuration list for PBXProject "HealthTracker" */;
			compatibilityVersion = "Xcode 9.3";
			developmentRegion = en;
			hasScannedForEncodings = 0;
			knownRegions = (
				en,
				Base,
			);
			mainGroup = 282D76312812235700E1AB7C;
			productRefGroup = 282D763B2812235700E1AB7C /* Products */;
			projectDirPath = "";
			projectRoot = "";
			targets = (
				282D76392812235700E1AB7C /* HealthTracker */,
			);
		};
/* End PBXProject section */

/* Begin PBXResourcesBuildPhase section */
		282D76382812235700E1AB7C /* Resources */ = {
			isa = PBXResourcesBuildPhase;
			buildActionMask = 2147483647;
			files = (
				282D76452812235E00E1AB7C /* Preview Assets.xcassets in Resources */,
				282D76422812235E00E1AB7C /* Assets.xcassets in Resources */,
			);
			runOnlyForDeploymentPostprocessing = 0;
		};
/* End PBXResourcesBuildPhase section */

/* Begin PBXSourcesBuildPhase section */
		282D76362812235700E1AB7C /* Sources */ = {
			isa = PBXSourcesBuildPhase;
			buildActionMask = 2147483647;
			files = (
				C9030E65281789E50079D7A5 /* DataOutputView.swift in Sources */,
				C9030E5D281789540079D7A5 /* ImagePicker.swift in Sources */,
				A9BD42132812311700FE6F8B /* HealthProfileView.swift in Sources */,
				C9030E5B281789330079D7A5 /* Algorithm.swift in Sources */,
				A9BB03AE281268AC00107960 /* DataEntryView.swift in Sources */,
				A9348B4228122BFC0017718E /* NextButtonView.swift in Sources */,
				C9CBCFFB28175611000B384D /* SingleMoodContainerView.swift in Sources */,
				C9030E5F281789730079D7A5 /* CustomMealView.swift in Sources */,
				C9CBCFF928174F15000B384D /* MoodView.swift in Sources */,
				C9030E6728178A0B0079D7A5 /* HomeView.swift in Sources */,
				C9CBCFFD28177A56000B384D /* TabPanelView.swift in Sources */,
				C9030E63281789A10079D7A5 /* OutputTextFieldView.swift in Sources */,
				C9030E61281789890079D7A5 /* NutritionView.swift in Sources */,
				C9030E59281786750079D7A5 /* WelcomeView.swift in Sources */,
				C9CBCFF7281686BC000B384D /* ResourceView.swift in Sources */,
				282D76402812235700E1AB7C /* ContentView.swift in Sources */,
				C9030E6928178AB80079D7A5 /* Data.swift in Sources */,
				A9BB03A82812652500107960 /* CustomTextFieldView.swift in Sources */,
				282D763E2812235700E1AB7C /* HealthTrackerApp.swift in Sources */,
			);
			runOnlyForDeploymentPostprocessing = 0;
		};
/* End PBXSourcesBuildPhase section */

/* Begin XCBuildConfiguration section */
		282D76472812235E00E1AB7C /* Debug */ = {
			isa = XCBuildConfiguration;
			buildSettings = {
				ALWAYS_SEARCH_USER_PATHS = NO;
				CLANG_ANALYZER_NONNULL = YES;
				CLANG_ANALYZER_NUMBER_OBJECT_CONVERSION = YES_AGGRESSIVE;
				CLANG_CXX_LANGUAGE_STANDARD = "gnu++14";
				CLANG_CXX_LIBRARY = "libc++";
				CLANG_ENABLE_MODULES = YES;
				CLANG_ENABLE_OBJC_ARC = YES;
				CLANG_ENABLE_OBJC_WEAK = YES;
				CLANG_WARN_BLOCK_CAPTURE_AUTORELEASING = YES;
				CLANG_WARN_BOOL_CONVERSION = YES;
				CLANG_WARN_COMMA = YES;
				CLANG_WARN_CONSTANT_CONVERSION = YES;
				CLANG_WARN_DEPRECATED_OBJC_IMPLEMENTATIONS = YES;
				CLANG_WARN_DIRECT_OBJC_ISA_USAGE = YES_ERROR;
				CLANG_WARN_DOCUMENTATION_COMMENTS = YES;
				CLANG_WARN_EMPTY_BODY = YES;
				CLANG_WARN_ENUM_CONVERSION = YES;
				CLANG_WARN_INFINITE_RECURSION = YES;
				CLANG_WARN_INT_CONVERSION = YES;
				CLANG_WARN_NON_LITERAL_NULL_CONVERSION = YES;
				CLANG_WARN_OBJC_IMPLICIT_RETAIN_SELF = YES;
				CLANG_WARN_OBJC_LITERAL_CONVERSION = YES;
				CLANG_WARN_OBJC_ROOT_CLASS = YES_ERROR;
				CLANG_WARN_QUOTED_INCLUDE_IN_FRAMEWORK_HEADER = YES;
				CLANG_WARN_RANGE_LOOP_ANALYSIS = YES;
				CLANG_WARN_STRICT_PROTOTYPES = YES;
				CLANG_WARN_SUSPICIOUS_MOVE = YES;
				CLANG_WARN_UNGUARDED_AVAILABILITY = YES_AGGRESSIVE;
				CLANG_WARN_UNREACHABLE_CODE = YES;
				CLANG_WARN__DUPLICATE_METHOD_MATCH = YES;
				COPY_PHASE_STRIP = NO;
				DEBUG_INFORMATION_FORMAT = dwarf;
				ENABLE_STRICT_OBJC_MSGSEND = YES;
				ENABLE_TESTABILITY = YES;
				GCC_C_LANGUAGE_STANDARD = gnu11;
				GCC_DYNAMIC_NO_PIC = NO;
				GCC_NO_COMMON_BLOCKS = YES;
				GCC_OPTIMIZATION_LEVEL = 0;
				GCC_PREPROCESSOR_DEFINITIONS = (
					"DEBUG=1",
					"$(inherited)",
				);
				GCC_WARN_64_TO_32_BIT_CONVERSION = YES;
				GCC_WARN_ABOUT_RETURN_TYPE = YES_ERROR;
				GCC_WARN_UNDECLARED_SELECTOR = YES;
				GCC_WARN_UNINITIALIZED_AUTOS = YES_AGGRESSIVE;
				GCC_WARN_UNUSED_FUNCTION = YES;
				GCC_WARN_UNUSED_VARIABLE = YES;
				IPHONEOS_DEPLOYMENT_TARGET = 14.4;
				MTL_ENABLE_DEBUG_INFO = INCLUDE_SOURCE;
				MTL_FAST_MATH = YES;
				ONLY_ACTIVE_ARCH = YES;
				SDKROOT = iphoneos;
				SWIFT_ACTIVE_COMPILATION_CONDITIONS = DEBUG;
				SWIFT_OPTIMIZATION_LEVEL = "-Onone";
			};
			name = Debug;
		};
		282D76482812235E00E1AB7C /* Release */ = {
			isa = XCBuildConfiguration;
			buildSettings = {
				ALWAYS_SEARCH_USER_PATHS = NO;
				CLANG_ANALYZER_NONNULL = YES;
				CLANG_ANALYZER_NUMBER_OBJECT_CONVERSION = YES_AGGRESSIVE;
				CLANG_CXX_LANGUAGE_STANDARD = "gnu++14";
				CLANG_CXX_LIBRARY = "libc++";
				CLANG_ENABLE_MODULES = YES;
				CLANG_ENABLE_OBJC_ARC = YES;
				CLANG_ENABLE_OBJC_WEAK = YES;
				CLANG_WARN_BLOCK_CAPTURE_AUTORELEASING = YES;
				CLANG_WARN_BOOL_CONVERSION = YES;
				CLANG_WARN_COMMA = YES;
				CLANG_WARN_CONSTANT_CONVERSION = YES;
				CLANG_WARN_DEPRECATED_OBJC_IMPLEMENTATIONS = YES;
				CLANG_WARN_DIRECT_OBJC_ISA_USAGE = YES_ERROR;
				CLANG_WARN_DOCUMENTATION_COMMENTS = YES;
				CLANG_WARN_EMPTY_BODY = YES;
				CLANG_WARN_ENUM_CONVERSION = YES;
				CLANG_WARN_INFINITE_RECURSION = YES;
				CLANG_WARN_INT_CONVERSION = YES;
				CLANG_WARN_NON_LITERAL_NULL_CONVERSION = YES;
				CLANG_WARN_OBJC_IMPLICIT_RETAIN_SELF = YES;
				CLANG_WARN_OBJC_LITERAL_CONVERSION = YES;
				CLANG_WARN_OBJC_ROOT_CLASS = YES_ERROR;
				CLANG_WARN_QUOTED_INCLUDE_IN_FRAMEWORK_HEADER = YES;
				CLANG_WARN_RANGE_LOOP_ANALYSIS = YES;
				CLANG_WARN_STRICT_PROTOTYPES = YES;
				CLANG_WARN_SUSPICIOUS_MOVE = YES;
				CLANG_WARN_UNGUARDED_AVAILABILITY = YES_AGGRESSIVE;
				CLANG_WARN_UNREACHABLE_CODE = YES;
				CLANG_WARN__DUPLICATE_METHOD_MATCH = YES;
				COPY_PHASE_STRIP = NO;
				DEBUG_INFORMATION_FORMAT = "dwarf-with-dsym";
				ENABLE_NS_ASSERTIONS = NO;
				ENABLE_STRICT_OBJC_MSGSEND = YES;
				GCC_C_LANGUAGE_STANDARD = gnu11;
				GCC_NO_COMMON_BLOCKS = YES;
				GCC_WARN_64_TO_32_BIT_CONVERSION = YES;
				GCC_WARN_ABOUT_RETURN_TYPE = YES_ERROR;
				GCC_WARN_UNDECLARED_SELECTOR = YES;
				GCC_WARN_UNINITIALIZED_AUTOS = YES_AGGRESSIVE;
				GCC_WARN_UNUSED_FUNCTION = YES;
				GCC_WARN_UNUSED_VARIABLE = YES;
				IPHONEOS_DEPLOYMENT_TARGET = 14.4;
				MTL_ENABLE_DEBUG_INFO = NO;
				MTL_FAST_MATH = YES;
				SDKROOT = iphoneos;
				SWIFT_COMPILATION_MODE = wholemodule;
				SWIFT_OPTIMIZATION_LEVEL = "-O";
				VALIDATE_PRODUCT = YES;
			};
			name = Release;
		};
		282D764A2812235E00E1AB7C /* Debug */ = {
			isa = XCBuildConfiguration;
			buildSettings = {
				ASSETCATALOG_COMPILER_APPICON_NAME = AppIcon;
				ASSETCATALOG_COMPILER_GLOBAL_ACCENT_COLOR_NAME = AccentColor;
				CODE_SIGN_STYLE = Automatic;
				DEVELOPMENT_ASSET_PATHS = "\"HealthTracker/Preview Content\"";
				DEVELOPMENT_TEAM = X2J5777U4W;
				ENABLE_PREVIEWS = YES;
				INFOPLIST_FILE = HealthTracker/Info.plist;
				IPHONEOS_DEPLOYMENT_TARGET = 14.0;
				LD_RUNPATH_SEARCH_PATHS = (
					"$(inherited)",
					"@executable_path/Frameworks",
				);
				PRODUCT_BUNDLE_IDENTIFIER = com.nhinguyen.HealthTracker;
				PRODUCT_NAME = "$(TARGET_NAME)";
				SWIFT_VERSION = 5.0;
				TARGETED_DEVICE_FAMILY = "1,2";
			};
			name = Debug;
		};
		282D764B2812235E00E1AB7C /* Release */ = {
			isa = XCBuildConfiguration;
			buildSettings = {
				ASSETCATALOG_COMPILER_APPICON_NAME = AppIcon;
				ASSETCATALOG_COMPILER_GLOBAL_ACCENT_COLOR_NAME = AccentColor;
				CODE_SIGN_STYLE = Automatic;
				DEVELOPMENT_ASSET_PATHS = "\"HealthTracker/Preview Content\"";
				DEVELOPMENT_TEAM = X2J5777U4W;
				ENABLE_PREVIEWS = YES;
				INFOPLIST_FILE = HealthTracker/Info.plist;
				IPHONEOS_DEPLOYMENT_TARGET = 14.0;
				LD_RUNPATH_SEARCH_PATHS = (
					"$(inherited)",
					"@executable_path/Frameworks",
				);
				PRODUCT_BUNDLE_IDENTIFIER = com.nhinguyen.HealthTracker;
				PRODUCT_NAME = "$(TARGET_NAME)";
				SWIFT_VERSION = 5.0;
				TARGETED_DEVICE_FAMILY = "1,2";
			};
			name = Release;
		};
/* End XCBuildConfiguration section */

/* Begin XCConfigurationList section */
		282D76352812235700E1AB7C /* Build configuration list for PBXProject "HealthTracker" */ = {
			isa = XCConfigurationList;
			buildConfigurations = (
				282D76472812235E00E1AB7C /* Debug */,
				282D76482812235E00E1AB7C /* Release */,
			);
			defaultConfigurationIsVisible = 0;
			defaultConfigurationName = Release;
		};
		282D76492812235E00E1AB7C /* Build configuration list for PBXNativeTarget "HealthTracker" */ = {
			isa = XCConfigurationList;
			buildConfigurations = (
				282D764A2812235E00E1AB7C /* Debug */,
				282D764B2812235E00E1AB7C /* Release */,
			);
			defaultConfigurationIsVisible = 0;
			defaultConfigurationName = Release;
		};
/* End XCConfigurationList section */
	};
	rootObject = 282D76322812235700E1AB7C /* Project object */;
}
